
Microsoft Visual Studio Solution File, Format Version 12.00
# Visual Studio Version 16
VisualStudioVersion = 25.0.1706.6
MinimumVisualStudioVersion = 10.0.40219.1
Project("{FAE04EC0-301F-11D3-BF4B-00C04F79EFBC}") = "KDZ_3_2", "KDZ_3_2\KDZ_3_2.csproj", "{F93244B2-7201-4AAF-B504-3944881CA192}"
EndProject
Project("{FAE04EC0-301F-11D3-BF4B-00C04F79EFBC}") = "ClassLibrary", "ClassLibrary\ClassLibrary.csproj", "{2844F435-8B63-4287-A43B-939D0432D1DE}"
EndProject
Global
	GlobalSection(SolutionConfigurationPlatforms) = preSolution
		Debug|Any CPU = Debug|Any CPU
		Release|Any CPU = Release|Any CPU
	EndGlobalSection
	GlobalSection(ProjectConfigurationPlatforms) = postSolution
		{F93244B2-7201-4AAF-B504-3944881CA192}.Debug|Any CPU.ActiveCfg = Debug|Any CPU
		{F93244B2-7201-4AAF-B504-3944881CA192}.Debug|Any CPU.Build.0 = Debug|Any CPU
		{F93244B2-7201-4AAF-B504-3944881CA192}.Release|Any CPU.ActiveCfg = Release|Any CPU
		{F93244B2-7201-4AAF-B504-3944881CA192}.Release|Any CPU.Build.0 = Release|Any CPU
		{2844F435-8B63-4287-A43B-939D0432D1DE}.Debug|Any CPU.ActiveCfg = Debug|Any CPU
		{2844F435-8B63-4287-A43B-939D0432D1DE}.Debug|Any CPU.Build.0 = Debug|Any CPU
		{2844F435-8B63-4287-A43B-939D0432D1DE}.Release|Any CPU.ActiveCfg = Release|Any CPU
		{2844F435-8B63-4287-A43B-939D0432D1DE}.Release|Any CPU.Build.0 = Release|Any CPU
	EndGlobalSection
	GlobalSection(SolutionProperties) = preSolution
		HideSolutionNode = FALSE
	EndGlobalSection
	GlobalSection(ExtensibilityGlobals) = postSolution
		SolutionGuid = {CCB0237B-A4EB-48D8-A731-BB43CFC79704}
	EndGlobalSection
EndGlobal
